
Microsoft Visual Studio Solution File, Format Version 12.00
# Visual Studio Version 16
VisualStudioVersion = 16.0.29102.190
MinimumVisualStudioVersion = 10.0.40219.1
Project("{FAE04EC0-301F-11D3-BF4B-00C04F79EFBC}") = "RESTCountries.NET", "RESTCountries.NET\RESTCountries.NET.csproj", "{7A4DF9B2-5D30-4C1F-8B16-874F726FC615}"
EndProject
Global
	GlobalSection(SolutionConfigurationPlatforms) = preSolution
		Debug|Any CPU = Debug|Any CPU
		Release|Any CPU = Release|Any CPU
	EndGlobalSection
	GlobalSection(ProjectConfigurationPlatforms) = postSolution
		{7A4DF9B2-5D30-4C1F-8B16-874F726FC615}.Debug|Any CPU.ActiveCfg = Debug|Any CPU
		{7A4DF9B2-5D30-4C1F-8B16-874F726FC615}.Debug|Any CPU.Build.0 = Debug|Any CPU
		{7A4DF9B2-5D30-4C1F-8B16-874F726FC615}.Release|Any CPU.ActiveCfg = Release|Any CPU
		{7A4DF9B2-5D30-4C1F-8B16-874F726FC615}.Release|Any CPU.Build.0 = Release|Any CPU
	EndGlobalSection
	GlobalSection(SolutionProperties) = preSolution
		HideSolutionNode = FALSE
	EndGlobalSection
	GlobalSection(ExtensibilityGlobals) = postSolution
		SolutionGuid = {417DF280-3BB9-4A92-A586-B844D28A5557}
	EndGlobalSection
EndGlobal
