
Microsoft Visual Studio Solution File, Format Version 12.00
# Visual Studio Version 16
VisualStudioVersion = 16.0.29102.190
MinimumVisualStudioVersion = 10.0.40219.1
Project("{9A19103F-16F7-4668-BE54-9A1E7A4F7556}") = "RESTCountries.NET", "RESTCountries.NET\RESTCountries.NET.csproj", "{7A4DF9B2-5D30-4C1F-8B16-874F726FC615}"
EndProject
Project("{FAE04EC0-301F-11D3-BF4B-00C04F79EFBC}") = "RESTCountries.NET.Tests", "..\tests\RESTCountries.NET.Tests\RESTCountries.NET.Tests.csproj", "{B5370CF4-9B81-4660-86F1-4E49B4E6E282}"
EndProject
Project("{FAE04EC0-301F-11D3-BF4B-00C04F79EFBC}") = "RESTCountries.NET.Benchmark", "..\tests\RESTCountries.NET.Benchmark\RESTCountries.NET.Benchmark.csproj", "{46963E63-92C5-4D5C-8E85-69CAC09A46AF}"
EndProject
Global
	GlobalSection(SolutionConfigurationPlatforms) = preSolution
		Debug|Any CPU = Debug|Any CPU
		Release|Any CPU = Release|Any CPU
	EndGlobalSection
	GlobalSection(ProjectConfigurationPlatforms) = postSolution
		{7A4DF9B2-5D30-4C1F-8B16-874F726FC615}.Debug|Any CPU.ActiveCfg = Debug|Any CPU
		{7A4DF9B2-5D30-4C1F-8B16-874F726FC615}.Debug|Any CPU.Build.0 = Debug|Any CPU
		{7A4DF9B2-5D30-4C1F-8B16-874F726FC615}.Release|Any CPU.ActiveCfg = Release|Any CPU
		{7A4DF9B2-5D30-4C1F-8B16-874F726FC615}.Release|Any CPU.Build.0 = Release|Any CPU
		{B5370CF4-9B81-4660-86F1-4E49B4E6E282}.Debug|Any CPU.ActiveCfg = Debug|Any CPU
		{B5370CF4-9B81-4660-86F1-4E49B4E6E282}.Debug|Any CPU.Build.0 = Debug|Any CPU
		{B5370CF4-9B81-4660-86F1-4E49B4E6E282}.Release|Any CPU.ActiveCfg = Release|Any CPU
		{B5370CF4-9B81-4660-86F1-4E49B4E6E282}.Release|Any CPU.Build.0 = Release|Any CPU
		{46963E63-92C5-4D5C-8E85-69CAC09A46AF}.Debug|Any CPU.ActiveCfg = Debug|Any CPU
		{46963E63-92C5-4D5C-8E85-69CAC09A46AF}.Debug|Any CPU.Build.0 = Debug|Any CPU
		{46963E63-92C5-4D5C-8E85-69CAC09A46AF}.Release|Any CPU.ActiveCfg = Release|Any CPU
		{46963E63-92C5-4D5C-8E85-69CAC09A46AF}.Release|Any CPU.Build.0 = Release|Any CPU
	EndGlobalSection
	GlobalSection(SolutionProperties) = preSolution
		HideSolutionNode = FALSE
	EndGlobalSection
	GlobalSection(ExtensibilityGlobals) = postSolution
		SolutionGuid = {417DF280-3BB9-4A92-A586-B844D28A5557}
	EndGlobalSection
EndGlobal
